// !$*UTF8*$!
{
	archiveVersion = 1;
	classes = {
	};
	objectVersion = 56;
	objects = {

/* Begin PBXBuildFile section */
		3B3A81B3296C55300016A40B /* AppDelegate.m in Sources */ = {isa = PBXBuildFile; fileRef = 3B3A81B2296C55300016A40B /* AppDelegate.m */; };
		3B3A81B8296C55340016A40B /* Assets.xcassets in Resources */ = {isa = PBXBuildFile; fileRef = 3B3A81B7296C55340016A40B /* Assets.xcassets */; };
		3B3A81C8296C57B20016A40B /* NSAppSubclass.m in Sources */ = {isa = PBXBuildFile; fileRef = 3B3A81C7296C57B20016A40B /* NSAppSubclass.m */; };
		3B3A81CA296C57D80016A40B /* HUDWindowController.m in Sources */ = {isa = PBXBuildFile; fileRef = 3B3A81C9296C57D80016A40B /* HUDWindowController.m */; };
		3B3A81CF296C58250016A40B /* VolumeControl.m in Sources */ = {isa = PBXBuildFile; fileRef = 3B3A81CE296C58250016A40B /* VolumeControl.m */; };
		3B3A81D1296C585B0016A40B /* BrightnessControl.m in Sources */ = {isa = PBXBuildFile; fileRef = 3B3A81D0296C585B0016A40B /* BrightnessControl.m */; };
		3B3A81D6296C58C50016A40B /* HUDWindow.m in Sources */ = {isa = PBXBuildFile; fileRef = 3B3A81D5296C58C50016A40B /* HUDWindow.m */; };
		3B3A81D9296C592B0016A40B /* HUDWindow.xib in Resources */ = {isa = PBXBuildFile; fileRef = 3B3A81D8296C592B0016A40B /* HUDWindow.xib */; };
		3B3A81DB296C59350016A40B /* Volume.pdf in Resources */ = {isa = PBXBuildFile; fileRef = 3B3A81DA296C59350016A40B /* Volume.pdf */; };
		3B3A81DE296C595D0016A40B /* main.m in Sources */ = {isa = PBXBuildFile; fileRef = 3B3A81DD296C595D0016A40B /* main.m */; };
		3B3A81E1296C5E5D0016A40B /* MainMenu.xib in Resources */ = {isa = PBXBuildFile; fileRef = 3B3A81E0296C5E5D0016A40B /* MainMenu.xib */; };
/* End PBXBuildFile section */

/* Begin PBXFileReference section */
		3B3A81AE296C55300016A40B /* osdui.app */ = {isa = PBXFileReference; explicitFileType = wrapper.application; includeInIndex = 0; path = osdui.app; sourceTree = BUILT_PRODUCTS_DIR; };
		3B3A81B1296C55300016A40B /* AppDelegate.h */ = {isa = PBXFileReference; lastKnownFileType = sourcecode.c.h; path = AppDelegate.h; sourceTree = "<group>"; };
		3B3A81B2296C55300016A40B /* AppDelegate.m */ = {isa = PBXFileReference; lastKnownFileType = sourcecode.c.objc; path = AppDelegate.m; sourceTree = "<group>"; };
		3B3A81B7296C55340016A40B /* Assets.xcassets */ = {isa = PBXFileReference; lastKnownFileType = folder.assetcatalog; path = Assets.xcassets; sourceTree = "<group>"; };
		3B3A81C4296C56200016A40B /* OSDUIHelper.h */ = {isa = PBXFileReference; lastKnownFileType = sourcecode.c.h; path = OSDUIHelper.h; sourceTree = "<group>"; };
		3B3A81C6296C57810016A40B /* NSAppSubclass.h */ = {isa = PBXFileReference; lastKnownFileType = sourcecode.c.h; path = NSAppSubclass.h; sourceTree = "<group>"; };
		3B3A81C7296C57B20016A40B /* NSAppSubclass.m */ = {isa = PBXFileReference; lastKnownFileType = sourcecode.c.objc; path = NSAppSubclass.m; sourceTree = "<group>"; };
		3B3A81C9296C57D80016A40B /* HUDWindowController.m */ = {isa = PBXFileReference; lastKnownFileType = sourcecode.c.objc; path = HUDWindowController.m; sourceTree = "<group>"; };
		3B3A81CB296C57E40016A40B /* HUDWindowController.h */ = {isa = PBXFileReference; lastKnownFileType = sourcecode.c.h; path = HUDWindowController.h; sourceTree = "<group>"; };
		3B3A81CD296C581A0016A40B /* VolumeControl.h */ = {isa = PBXFileReference; lastKnownFileType = sourcecode.c.h; path = VolumeControl.h; sourceTree = "<group>"; };
		3B3A81CE296C58250016A40B /* VolumeControl.m */ = {isa = PBXFileReference; lastKnownFileType = sourcecode.c.objc; path = VolumeControl.m; sourceTree = "<group>"; };
		3B3A81D0296C585B0016A40B /* BrightnessControl.m */ = {isa = PBXFileReference; lastKnownFileType = sourcecode.c.objc; path = BrightnessControl.m; sourceTree = "<group>"; };
		3B3A81D2296C58680016A40B /* BrightnessControl.h */ = {isa = PBXFileReference; lastKnownFileType = sourcecode.c.h; path = BrightnessControl.h; sourceTree = "<group>"; };
		3B3A81D4296C58BB0016A40B /* HUDWindow.h */ = {isa = PBXFileReference; lastKnownFileType = sourcecode.c.h; path = HUDWindow.h; sourceTree = "<group>"; };
		3B3A81D5296C58C50016A40B /* HUDWindow.m */ = {isa = PBXFileReference; lastKnownFileType = sourcecode.c.objc; path = HUDWindow.m; sourceTree = "<group>"; };
		3B3A81D8296C592B0016A40B /* HUDWindow.xib */ = {isa = PBXFileReference; fileEncoding = 4; lastKnownFileType = file.xib; path = HUDWindow.xib; sourceTree = "<group>"; };
		3B3A81DA296C59350016A40B /* Volume.pdf */ = {isa = PBXFileReference; lastKnownFileType = image.pdf; path = Volume.pdf; sourceTree = "<group>"; };
		3B3A81DD296C595D0016A40B /* main.m */ = {isa = PBXFileReference; lastKnownFileType = sourcecode.c.objc; path = main.m; sourceTree = "<group>"; };
		3B3A81E0296C5E5D0016A40B /* MainMenu.xib */ = {isa = PBXFileReference; fileEncoding = 4; lastKnownFileType = file.xib; path = MainMenu.xib; sourceTree = "<group>"; };
/* End PBXFileReference section */

/* Begin PBXFrameworksBuildPhase section */
		3B3A81AB296C55300016A40B /* Frameworks */ = {
			isa = PBXFrameworksBuildPhase;
			buildActionMask = 2147483647;
			files = (
			);
			runOnlyForDeploymentPostprocessing = 0;
		};
/* End PBXFrameworksBuildPhase section */

/* Begin PBXGroup section */
		3B3A81A5296C55300016A40B = {
			isa = PBXGroup;
			children = (
				3B3A81B0296C55300016A40B /* osdui */,
				3B3A81AF296C55300016A40B /* Products */,
			);
			sourceTree = "<group>";
		};
		3B3A81AF296C55300016A40B /* Products */ = {
			isa = PBXGroup;
			children = (
				3B3A81AE296C55300016A40B /* osdui.app */,
			);
			name = Products;
			sourceTree = "<group>";
		};
		3B3A81B0296C55300016A40B /* osdui */ = {
			isa = PBXGroup;
			children = (
				3B3A81C5296C57340016A40B /* Logic */,
				3B3A81D7296C59060016A40B /* UI */,
				3B3A81DC296C59480016A40B /* Supporting Files */,
			);
			path = osdui;
			sourceTree = "<group>";
		};
		3B3A81C5296C57340016A40B /* Logic */ = {
			isa = PBXGroup;
			children = (
				3B3A81C4296C56200016A40B /* OSDUIHelper.h */,
				3B3A81B1296C55300016A40B /* AppDelegate.h */,
				3B3A81B2296C55300016A40B /* AppDelegate.m */,
				3B3A81C6296C57810016A40B /* NSAppSubclass.h */,
				3B3A81C7296C57B20016A40B /* NSAppSubclass.m */,
				3B3A81CB296C57E40016A40B /* HUDWindowController.h */,
				3B3A81C9296C57D80016A40B /* HUDWindowController.m */,
				3B3A81D3296C58A20016A40B /* UI Subclasses */,
				3B3A81CC296C580F0016A40B /* Helpers */,
			);
			path = Logic;
			sourceTree = "<group>";
		};
		3B3A81CC296C580F0016A40B /* Helpers */ = {
			isa = PBXGroup;
			children = (
				3B3A81CD296C581A0016A40B /* VolumeControl.h */,
				3B3A81CE296C58250016A40B /* VolumeControl.m */,
				3B3A81D2296C58680016A40B /* BrightnessControl.h */,
				3B3A81D0296C585B0016A40B /* BrightnessControl.m */,
			);
			path = Helpers;
			sourceTree = "<group>";
		};
		3B3A81D3296C58A20016A40B /* UI Subclasses */ = {
			isa = PBXGroup;
			children = (
				3B3A81D4296C58BB0016A40B /* HUDWindow.h */,
				3B3A81D5296C58C50016A40B /* HUDWindow.m */,
			);
			path = "UI Subclasses";
			sourceTree = "<group>";
		};
		3B3A81D7296C59060016A40B /* UI */ = {
			isa = PBXGroup;
			children = (
				3B3A81DA296C59350016A40B /* Volume.pdf */,
				3B3A81D8296C592B0016A40B /* HUDWindow.xib */,
				3B3A81E0296C5E5D0016A40B /* MainMenu.xib */,
			);
			path = UI;
			sourceTree = "<group>";
		};
		3B3A81DC296C59480016A40B /* Supporting Files */ = {
			isa = PBXGroup;
			children = (
				3B3A81B7296C55340016A40B /* Assets.xcassets */,
				3B3A81DD296C595D0016A40B /* main.m */,
			);
			path = "Supporting Files";
			sourceTree = "<group>";
		};
/* End PBXGroup section */

/* Begin PBXNativeTarget section */
		3B3A81AD296C55300016A40B /* osdui */ = {
			isa = PBXNativeTarget;
			buildConfigurationList = 3B3A81C1296C55340016A40B /* Build configuration list for PBXNativeTarget "osdui" */;
			buildPhases = (
				3B3A81AA296C55300016A40B /* Sources */,
				3B3A81AB296C55300016A40B /* Frameworks */,
				3B3A81AC296C55300016A40B /* Resources */,
			);
			buildRules = (
			);
			dependencies = (
			);
			name = osdui;
			productName = osdui;
			productReference = 3B3A81AE296C55300016A40B /* osdui.app */;
			productType = "com.apple.product-type.application";
		};
/* End PBXNativeTarget section */

/* Begin PBXProject section */
		3B3A81A6296C55300016A40B /* Project object */ = {
			isa = PBXProject;
			attributes = {
				BuildIndependentTargetsInParallel = 1;
				LastUpgradeCheck = 1420;
				TargetAttributes = {
					3B3A81AD296C55300016A40B = {
						CreatedOnToolsVersion = 14.2;
					};
				};
			};
			buildConfigurationList = 3B3A81A9296C55300016A40B /* Build configuration list for PBXProject "osdui" */;
			compatibilityVersion = "Xcode 14.0";
			developmentRegion = en;
			hasScannedForEncodings = 0;
			knownRegions = (
				en,
				Base,
			);
			mainGroup = 3B3A81A5296C55300016A40B;
			productRefGroup = 3B3A81AF296C55300016A40B /* Products */;
			projectDirPath = "";
			projectRoot = "";
			targets = (
				3B3A81AD296C55300016A40B /* osdui */,
			);
		};
/* End PBXProject section */

/* Begin PBXResourcesBuildPhase section */
		3B3A81AC296C55300016A40B /* Resources */ = {
			isa = PBXResourcesBuildPhase;
			buildActionMask = 2147483647;
			files = (
				3B3A81B8296C55340016A40B /* Assets.xcassets in Resources */,
				3B3A81D9296C592B0016A40B /* HUDWindow.xib in Resources */,
				3B3A81DB296C59350016A40B /* Volume.pdf in Resources */,
				3B3A81E1296C5E5D0016A40B /* MainMenu.xib in Resources */,
			);
			runOnlyForDeploymentPostprocessing = 0;
		};
/* End PBXResourcesBuildPhase section */

/* Begin PBXSourcesBuildPhase section */
		3B3A81AA296C55300016A40B /* Sources */ = {
			isa = PBXSourcesBuildPhase;
			buildActionMask = 2147483647;
			files = (
				3B3A81C8296C57B20016A40B /* NSAppSubclass.m in Sources */,
				3B3A81CA296C57D80016A40B /* HUDWindowController.m in Sources */,
				3B3A81B3296C55300016A40B /* AppDelegate.m in Sources */,
				3B3A81D1296C585B0016A40B /* BrightnessControl.m in Sources */,
				3B3A81CF296C58250016A40B /* VolumeControl.m in Sources */,
				3B3A81DE296C595D0016A40B /* main.m in Sources */,
				3B3A81D6296C58C50016A40B /* HUDWindow.m in Sources */,
			);
			runOnlyForDeploymentPostprocessing = 0;
		};
/* End PBXSourcesBuildPhase section */

/* Begin XCBuildConfiguration section */
		3B3A81BF296C55340016A40B /* Debug */ = {
			isa = XCBuildConfiguration;
			buildSettings = {
				ALWAYS_SEARCH_USER_PATHS = NO;
				CLANG_ANALYZER_NONNULL = YES;
				CLANG_ANALYZER_NUMBER_OBJECT_CONVERSION = YES_AGGRESSIVE;
				CLANG_CXX_LANGUAGE_STANDARD = "gnu++20";
				CLANG_ENABLE_MODULES = YES;
				CLANG_ENABLE_OBJC_ARC = YES;
				CLANG_ENABLE_OBJC_WEAK = YES;
				CLANG_WARN_BLOCK_CAPTURE_AUTORELEASING = YES;
				CLANG_WARN_BOOL_CONVERSION = YES;
				CLANG_WARN_COMMA = YES;
				CLANG_WARN_CONSTANT_CONVERSION = YES;
				CLANG_WARN_DEPRECATED_OBJC_IMPLEMENTATIONS = YES;
				CLANG_WARN_DIRECT_OBJC_ISA_USAGE = YES_ERROR;
				CLANG_WARN_DOCUMENTATION_COMMENTS = YES;
				CLANG_WARN_EMPTY_BODY = YES;
				CLANG_WARN_ENUM_CONVERSION = YES;
				CLANG_WARN_INFINITE_RECURSION = YES;
				CLANG_WARN_INT_CONVERSION = YES;
				CLANG_WARN_NON_LITERAL_NULL_CONVERSION = YES;
				CLANG_WARN_OBJC_IMPLICIT_RETAIN_SELF = YES;
				CLANG_WARN_OBJC_LITERAL_CONVERSION = YES;
				CLANG_WARN_OBJC_ROOT_CLASS = YES_ERROR;
				CLANG_WARN_QUOTED_INCLUDE_IN_FRAMEWORK_HEADER = YES;
				CLANG_WARN_RANGE_LOOP_ANALYSIS = YES;
				CLANG_WARN_STRICT_PROTOTYPES = YES;
				CLANG_WARN_SUSPICIOUS_MOVE = YES;
				CLANG_WARN_UNGUARDED_AVAILABILITY = YES_AGGRESSIVE;
				CLANG_WARN_UNREACHABLE_CODE = YES;
				CLANG_WARN__DUPLICATE_METHOD_MATCH = YES;
				COPY_PHASE_STRIP = NO;
				DEBUG_INFORMATION_FORMAT = dwarf;
				ENABLE_STRICT_OBJC_MSGSEND = YES;
				ENABLE_TESTABILITY = YES;
				GCC_C_LANGUAGE_STANDARD = gnu11;
				GCC_DYNAMIC_NO_PIC = NO;
				GCC_NO_COMMON_BLOCKS = YES;
				GCC_OPTIMIZATION_LEVEL = 0;
				GCC_PREPROCESSOR_DEFINITIONS = (
					"DEBUG=1",
					"$(inherited)",
				);
				GCC_WARN_64_TO_32_BIT_CONVERSION = YES;
				GCC_WARN_ABOUT_RETURN_TYPE = YES_ERROR;
				GCC_WARN_UNDECLARED_SELECTOR = YES;
				GCC_WARN_UNINITIALIZED_AUTOS = YES_AGGRESSIVE;
				GCC_WARN_UNUSED_FUNCTION = YES;
				GCC_WARN_UNUSED_VARIABLE = YES;
				MACOSX_DEPLOYMENT_TARGET = 12.6;
				MTL_ENABLE_DEBUG_INFO = INCLUDE_SOURCE;
				MTL_FAST_MATH = YES;
				ONLY_ACTIVE_ARCH = YES;
				SDKROOT = macosx;
			};
			name = Debug;
		};
		3B3A81C0296C55340016A40B /* Release */ = {
			isa = XCBuildConfiguration;
			buildSettings = {
				ALWAYS_SEARCH_USER_PATHS = NO;
				CLANG_ANALYZER_NONNULL = YES;
				CLANG_ANALYZER_NUMBER_OBJECT_CONVERSION = YES_AGGRESSIVE;
				CLANG_CXX_LANGUAGE_STANDARD = "gnu++20";
				CLANG_ENABLE_MODULES = YES;
				CLANG_ENABLE_OBJC_ARC = YES;
				CLANG_ENABLE_OBJC_WEAK = YES;
				CLANG_WARN_BLOCK_CAPTURE_AUTORELEASING = YES;
				CLANG_WARN_BOOL_CONVERSION = YES;
				CLANG_WARN_COMMA = YES;
				CLANG_WARN_CONSTANT_CONVERSION = YES;
				CLANG_WARN_DEPRECATED_OBJC_IMPLEMENTATIONS = YES;
				CLANG_WARN_DIRECT_OBJC_ISA_USAGE = YES_ERROR;
				CLANG_WARN_DOCUMENTATION_COMMENTS = YES;
				CLANG_WARN_EMPTY_BODY = YES;
				CLANG_WARN_ENUM_CONVERSION = YES;
				CLANG_WARN_INFINITE_RECURSION = YES;
				CLANG_WARN_INT_CONVERSION = YES;
				CLANG_WARN_NON_LITERAL_NULL_CONVERSION = YES;
				CLANG_WARN_OBJC_IMPLICIT_RETAIN_SELF = YES;
				CLANG_WARN_OBJC_LITERAL_CONVERSION = YES;
				CLANG_WARN_OBJC_ROOT_CLASS = YES_ERROR;
				CLANG_WARN_QUOTED_INCLUDE_IN_FRAMEWORK_HEADER = YES;
				CLANG_WARN_RANGE_LOOP_ANALYSIS = YES;
				CLANG_WARN_STRICT_PROTOTYPES = YES;
				CLANG_WARN_SUSPICIOUS_MOVE = YES;
				CLANG_WARN_UNGUARDED_AVAILABILITY = YES_AGGRESSIVE;
				CLANG_WARN_UNREACHABLE_CODE = YES;
				CLANG_WARN__DUPLICATE_METHOD_MATCH = YES;
				COPY_PHASE_STRIP = NO;
				DEBUG_INFORMATION_FORMAT = "dwarf-with-dsym";
				ENABLE_NS_ASSERTIONS = NO;
				ENABLE_STRICT_OBJC_MSGSEND = YES;
				GCC_C_LANGUAGE_STANDARD = gnu11;
				GCC_NO_COMMON_BLOCKS = YES;
				GCC_WARN_64_TO_32_BIT_CONVERSION = YES;
				GCC_WARN_ABOUT_RETURN_TYPE = YES_ERROR;
				GCC_WARN_UNDECLARED_SELECTOR = YES;
				GCC_WARN_UNINITIALIZED_AUTOS = YES_AGGRESSIVE;
				GCC_WARN_UNUSED_FUNCTION = YES;
				GCC_WARN_UNUSED_VARIABLE = YES;
				MACOSX_DEPLOYMENT_TARGET = 12.6;
				MTL_ENABLE_DEBUG_INFO = NO;
				MTL_FAST_MATH = YES;
				SDKROOT = macosx;
			};
			name = Release;
		};
		3B3A81C2296C55340016A40B /* Debug */ = {
			isa = XCBuildConfiguration;
			buildSettings = {
				ASSETCATALOG_COMPILER_APPICON_NAME = AppIcon;
				ASSETCATALOG_COMPILER_GLOBAL_ACCENT_COLOR_NAME = AccentColor;
				"CODE_SIGN_IDENTITY[sdk=macosx*]" = "-";
				CODE_SIGN_STYLE = Manual;
				COMBINE_HIDPI_IMAGES = YES;
				CURRENT_PROJECT_VERSION = 1;
				DEVELOPMENT_TEAM = "";
				ENABLE_HARDENED_RUNTIME = YES;
				GENERATE_INFOPLIST_FILE = YES;
				INFOPLIST_KEY_NSHumanReadableCopyright = "";
				INFOPLIST_KEY_NSPrincipalClass = NSApplication;
				LD_RUNPATH_SEARCH_PATHS = (
					"$(inherited)",
					"@executable_path/../Frameworks",
				);
				MARKETING_VERSION = 1.0;
				PRODUCT_BUNDLE_IDENTIFIER = com.m00nbek.osdui;
				PRODUCT_NAME = "$(TARGET_NAME)";
				PROVISIONING_PROFILE_SPECIFIER = "";
				SWIFT_EMIT_LOC_STRINGS = YES;
			};
			name = Debug;
		};
		3B3A81C3296C55340016A40B /* Release */ = {
			isa = XCBuildConfiguration;
			buildSettings = {
				ASSETCATALOG_COMPILER_APPICON_NAME = AppIcon;
				ASSETCATALOG_COMPILER_GLOBAL_ACCENT_COLOR_NAME = AccentColor;
				"CODE_SIGN_IDENTITY[sdk=macosx*]" = "-";
				CODE_SIGN_STYLE = Manual;
				COMBINE_HIDPI_IMAGES = YES;
				CURRENT_PROJECT_VERSION = 1;
				DEVELOPMENT_TEAM = "";
				ENABLE_HARDENED_RUNTIME = YES;
				GENERATE_INFOPLIST_FILE = YES;
				INFOPLIST_KEY_NSHumanReadableCopyright = "";
				INFOPLIST_KEY_NSPrincipalClass = NSApplication;
				LD_RUNPATH_SEARCH_PATHS = (
					"$(inherited)",
					"@executable_path/../Frameworks",
				);
				MARKETING_VERSION = 1.0;
				PRODUCT_BUNDLE_IDENTIFIER = com.m00nbek.osdui;
				PRODUCT_NAME = "$(TARGET_NAME)";
				PROVISIONING_PROFILE_SPECIFIER = "";
				SWIFT_EMIT_LOC_STRINGS = YES;
			};
			name = Release;
		};
/* End XCBuildConfiguration section */

/* Begin XCConfigurationList section */
		3B3A81A9296C55300016A40B /* Build configuration list for PBXProject "osdui" */ = {
			isa = XCConfigurationList;
			buildConfigurations = (
				3B3A81BF296C55340016A40B /* Debug */,
				3B3A81C0296C55340016A40B /* Release */,
			);
			defaultConfigurationIsVisible = 0;
			defaultConfigurationName = Release;
		};
		3B3A81C1296C55340016A40B /* Build configuration list for PBXNativeTarget "osdui" */ = {
			isa = XCConfigurationList;
			buildConfigurations = (
				3B3A81C2296C55340016A40B /* Debug */,
				3B3A81C3296C55340016A40B /* Release */,
			);
			defaultConfigurationIsVisible = 0;
			defaultConfigurationName = Release;
		};
/* End XCConfigurationList section */
	};
	rootObject = 3B3A81A6296C55300016A40B /* Project object */;
}
